
Microsoft Visual Studio Solution File, Format Version 12.00
# Visual Studio Version 17
VisualStudioVersion = 17.3.32819.101
MinimumVisualStudioVersion = 10.0.40219.1
Project("{FAE04EC0-301F-11D3-BF4B-00C04F79EFBC}") = "Termo", "WebApplication1\Termo.csproj", "{24F149F1-DDFF-4A94-9C5C-807A7C1BD056}"
EndProject
Global
	GlobalSection(SolutionConfigurationPlatforms) = preSolution
		Debug|Any CPU = Debug|Any CPU
		Release|Any CPU = Release|Any CPU
	EndGlobalSection
	GlobalSection(ProjectConfigurationPlatforms) = postSolution
		{24F149F1-DDFF-4A94-9C5C-807A7C1BD056}.Debug|Any CPU.ActiveCfg = Debug|Any CPU
		{24F149F1-DDFF-4A94-9C5C-807A7C1BD056}.Debug|Any CPU.Build.0 = Debug|Any CPU
		{24F149F1-DDFF-4A94-9C5C-807A7C1BD056}.Release|Any CPU.ActiveCfg = Release|Any CPU
		{24F149F1-DDFF-4A94-9C5C-807A7C1BD056}.Release|Any CPU.Build.0 = Release|Any CPU
	EndGlobalSection
	GlobalSection(SolutionProperties) = preSolution
		HideSolutionNode = FALSE
	EndGlobalSection
	GlobalSection(ExtensibilityGlobals) = postSolution
		SolutionGuid = {3B681C66-3F83-455F-B58A-548B40F99E75}
	EndGlobalSection
EndGlobal
